
Microsoft Visual Studio Solution File, Format Version 12.00
# Visual Studio 15
VisualStudioVersion = 15.0.26124.0
MinimumVisualStudioVersion = 15.0.26124.0
Project("{FAE04EC0-301F-11D3-BF4B-00C04F79EFBC}") = "Domain", "Domain\Domain.csproj", "{72DF3735-393A-43C1-8E9C-D9CB0678AA82}"
EndProject
Project("{FAE04EC0-301F-11D3-BF4B-00C04F79EFBC}") = "API", "API\API.csproj", "{CAE41C08-E4E8-4B0A-9B57-D2DC048A1037}"
EndProject
Project("{FAE04EC0-301F-11D3-BF4B-00C04F79EFBC}") = "Application", "Application\Application.csproj", "{37C86E21-A5FB-4C38-9639-53F00C0C0521}"
EndProject
Project("{FAE04EC0-301F-11D3-BF4B-00C04F79EFBC}") = "Persistence", "Persistence\Persistence.csproj", "{1FE211B5-1701-4C30-AF1E-D1D33F8F4A5D}"
EndProject
Global
	GlobalSection(SolutionConfigurationPlatforms) = preSolution
		Debug|Any CPU = Debug|Any CPU
		Debug|x64 = Debug|x64
		Debug|x86 = Debug|x86
		Release|Any CPU = Release|Any CPU
		Release|x64 = Release|x64
		Release|x86 = Release|x86
	EndGlobalSection
	GlobalSection(SolutionProperties) = preSolution
		HideSolutionNode = FALSE
	EndGlobalSection
	GlobalSection(ProjectConfigurationPlatforms) = postSolution
		{72DF3735-393A-43C1-8E9C-D9CB0678AA82}.Debug|Any CPU.ActiveCfg = Debug|Any CPU
		{72DF3735-393A-43C1-8E9C-D9CB0678AA82}.Debug|Any CPU.Build.0 = Debug|Any CPU
		{72DF3735-393A-43C1-8E9C-D9CB0678AA82}.Debug|x64.ActiveCfg = Debug|Any CPU
		{72DF3735-393A-43C1-8E9C-D9CB0678AA82}.Debug|x64.Build.0 = Debug|Any CPU
		{72DF3735-393A-43C1-8E9C-D9CB0678AA82}.Debug|x86.ActiveCfg = Debug|Any CPU
		{72DF3735-393A-43C1-8E9C-D9CB0678AA82}.Debug|x86.Build.0 = Debug|Any CPU
		{72DF3735-393A-43C1-8E9C-D9CB0678AA82}.Release|Any CPU.ActiveCfg = Release|Any CPU
		{72DF3735-393A-43C1-8E9C-D9CB0678AA82}.Release|Any CPU.Build.0 = Release|Any CPU
		{72DF3735-393A-43C1-8E9C-D9CB0678AA82}.Release|x64.ActiveCfg = Release|Any CPU
		{72DF3735-393A-43C1-8E9C-D9CB0678AA82}.Release|x64.Build.0 = Release|Any CPU
		{72DF3735-393A-43C1-8E9C-D9CB0678AA82}.Release|x86.ActiveCfg = Release|Any CPU
		{72DF3735-393A-43C1-8E9C-D9CB0678AA82}.Release|x86.Build.0 = Release|Any CPU
		{CAE41C08-E4E8-4B0A-9B57-D2DC048A1037}.Debug|Any CPU.ActiveCfg = Debug|Any CPU
		{CAE41C08-E4E8-4B0A-9B57-D2DC048A1037}.Debug|Any CPU.Build.0 = Debug|Any CPU
		{CAE41C08-E4E8-4B0A-9B57-D2DC048A1037}.Debug|x64.ActiveCfg = Debug|Any CPU
		{CAE41C08-E4E8-4B0A-9B57-D2DC048A1037}.Debug|x64.Build.0 = Debug|Any CPU
		{CAE41C08-E4E8-4B0A-9B57-D2DC048A1037}.Debug|x86.ActiveCfg = Debug|Any CPU
		{CAE41C08-E4E8-4B0A-9B57-D2DC048A1037}.Debug|x86.Build.0 = Debug|Any CPU
		{CAE41C08-E4E8-4B0A-9B57-D2DC048A1037}.Release|Any CPU.ActiveCfg = Release|Any CPU
		{CAE41C08-E4E8-4B0A-9B57-D2DC048A1037}.Release|Any CPU.Build.0 = Release|Any CPU
		{CAE41C08-E4E8-4B0A-9B57-D2DC048A1037}.Release|x64.ActiveCfg = Release|Any CPU
		{CAE41C08-E4E8-4B0A-9B57-D2DC048A1037}.Release|x64.Build.0 = Release|Any CPU
		{CAE41C08-E4E8-4B0A-9B57-D2DC048A1037}.Release|x86.ActiveCfg = Release|Any CPU
		{CAE41C08-E4E8-4B0A-9B57-D2DC048A1037}.Release|x86.Build.0 = Release|Any CPU
		{37C86E21-A5FB-4C38-9639-53F00C0C0521}.Debug|Any CPU.ActiveCfg = Debug|Any CPU
		{37C86E21-A5FB-4C38-9639-53F00C0C0521}.Debug|Any CPU.Build.0 = Debug|Any CPU
		{37C86E21-A5FB-4C38-9639-53F00C0C0521}.Debug|x64.ActiveCfg = Debug|Any CPU
		{37C86E21-A5FB-4C38-9639-53F00C0C0521}.Debug|x64.Build.0 = Debug|Any CPU
		{37C86E21-A5FB-4C38-9639-53F00C0C0521}.Debug|x86.ActiveCfg = Debug|Any CPU
		{37C86E21-A5FB-4C38-9639-53F00C0C0521}.Debug|x86.Build.0 = Debug|Any CPU
		{37C86E21-A5FB-4C38-9639-53F00C0C0521}.Release|Any CPU.ActiveCfg = Release|Any CPU
		{37C86E21-A5FB-4C38-9639-53F00C0C0521}.Release|Any CPU.Build.0 = Release|Any CPU
		{37C86E21-A5FB-4C38-9639-53F00C0C0521}.Release|x64.ActiveCfg = Release|Any CPU
		{37C86E21-A5FB-4C38-9639-53F00C0C0521}.Release|x64.Build.0 = Release|Any CPU
		{37C86E21-A5FB-4C38-9639-53F00C0C0521}.Release|x86.ActiveCfg = Release|Any CPU
		{37C86E21-A5FB-4C38-9639-53F00C0C0521}.Release|x86.Build.0 = Release|Any CPU
		{1FE211B5-1701-4C30-AF1E-D1D33F8F4A5D}.Debug|Any CPU.ActiveCfg = Debug|Any CPU
		{1FE211B5-1701-4C30-AF1E-D1D33F8F4A5D}.Debug|Any CPU.Build.0 = Debug|Any CPU
		{1FE211B5-1701-4C30-AF1E-D1D33F8F4A5D}.Debug|x64.ActiveCfg = Debug|Any CPU
		{1FE211B5-1701-4C30-AF1E-D1D33F8F4A5D}.Debug|x64.Build.0 = Debug|Any CPU
		{1FE211B5-1701-4C30-AF1E-D1D33F8F4A5D}.Debug|x86.ActiveCfg = Debug|Any CPU
		{1FE211B5-1701-4C30-AF1E-D1D33F8F4A5D}.Debug|x86.Build.0 = Debug|Any CPU
		{1FE211B5-1701-4C30-AF1E-D1D33F8F4A5D}.Release|Any CPU.ActiveCfg = Release|Any CPU
		{1FE211B5-1701-4C30-AF1E-D1D33F8F4A5D}.Release|Any CPU.Build.0 = Release|Any CPU
		{1FE211B5-1701-4C30-AF1E-D1D33F8F4A5D}.Release|x64.ActiveCfg = Release|Any CPU
		{1FE211B5-1701-4C30-AF1E-D1D33F8F4A5D}.Release|x64.Build.0 = Release|Any CPU
		{1FE211B5-1701-4C30-AF1E-D1D33F8F4A5D}.Release|x86.ActiveCfg = Release|Any CPU
		{1FE211B5-1701-4C30-AF1E-D1D33F8F4A5D}.Release|x86.Build.0 = Release|Any CPU
	EndGlobalSection
EndGlobal
